
Microsoft Visual Studio Solution File, Format Version 12.00
Project("{FAE04EC0-301F-11D3-BF4B-00C04F79EFBC}") = "TicTacToe", "TicTacToe\TicTacToe.csproj", "{DB8DAAA5-985B-4325-8145-68CF0904B8AB}"
EndProject
Global
	GlobalSection(SolutionConfigurationPlatforms) = preSolution
		Debug|Any CPU = Debug|Any CPU
		Release|Any CPU = Release|Any CPU
	EndGlobalSection
	GlobalSection(ProjectConfigurationPlatforms) = postSolution
		{DB8DAAA5-985B-4325-8145-68CF0904B8AB}.Debug|Any CPU.ActiveCfg = Debug|Any CPU
		{DB8DAAA5-985B-4325-8145-68CF0904B8AB}.Debug|Any CPU.Build.0 = Debug|Any CPU
		{DB8DAAA5-985B-4325-8145-68CF0904B8AB}.Release|Any CPU.ActiveCfg = Release|Any CPU
		{DB8DAAA5-985B-4325-8145-68CF0904B8AB}.Release|Any CPU.Build.0 = Release|Any CPU
	EndGlobalSection
EndGlobal
